// !$*UTF8*$!
{
	archiveVersion = 1;
	classes = {
	};
	objectVersion = 46;
	objects = {

/* Begin PBXBuildFile section */
		4115CDBF1BFFFC530092F9F6 /* Event.swift in Sources */ = {isa = PBXBuildFile; fileRef = 4115CDBE1BFFFC530092F9F6 /* Event.swift */; };
		4115CDC01BFFFCB30092F9F6 /* Event.swift in Sources */ = {isa = PBXBuildFile; fileRef = 4115CDBE1BFFFC530092F9F6 /* Event.swift */; };
		4170E3C81BFBD11C00714A8D /* AppDelegate.swift in Sources */ = {isa = PBXBuildFile; fileRef = 4170E3C71BFBD11C00714A8D /* AppDelegate.swift */; };
		4170E3CD1BFBD11C00714A8D /* Main.storyboard in Resources */ = {isa = PBXBuildFile; fileRef = 4170E3CB1BFBD11C00714A8D /* Main.storyboard */; };
		4170E3CF1BFBD11C00714A8D /* Assets.xcassets in Resources */ = {isa = PBXBuildFile; fileRef = 4170E3CE1BFBD11C00714A8D /* Assets.xcassets */; };
		4170E3D21BFBD11C00714A8D /* LaunchScreen.storyboard in Resources */ = {isa = PBXBuildFile; fileRef = 4170E3D01BFBD11C00714A8D /* LaunchScreen.storyboard */; };
		4170E3DD1BFBD11D00714A8D /* HabitsTests.swift in Sources */ = {isa = PBXBuildFile; fileRef = 4170E3DC1BFBD11D00714A8D /* HabitsTests.swift */; };
		4170E3E91BFBD1EF00714A8D /* Habits.swift in Sources */ = {isa = PBXBuildFile; fileRef = 4170E3E81BFBD1EF00714A8D /* Habits.swift */; };
		4170E3EA1BFBD52300714A8D /* Habits.swift in Sources */ = {isa = PBXBuildFile; fileRef = 4170E3E81BFBD1EF00714A8D /* Habits.swift */; };
/* End PBXBuildFile section */

/* Begin PBXContainerItemProxy section */
		4170E3D91BFBD11C00714A8D /* PBXContainerItemProxy */ = {
			isa = PBXContainerItemProxy;
			containerPortal = 4170E3BC1BFBD11C00714A8D /* Project object */;
			proxyType = 1;
			remoteGlobalIDString = 4170E3C31BFBD11C00714A8D;
			remoteInfo = Habits;
		};
/* End PBXContainerItemProxy section */

/* Begin PBXFileReference section */
		4115CDBE1BFFFC530092F9F6 /* Event.swift */ = {isa = PBXFileReference; fileEncoding = 4; lastKnownFileType = sourcecode.swift; path = Event.swift; sourceTree = "<group>"; };
		4170E3C41BFBD11C00714A8D /* Habits.app */ = {isa = PBXFileReference; explicitFileType = wrapper.application; includeInIndex = 0; path = Habits.app; sourceTree = BUILT_PRODUCTS_DIR; };
		4170E3C71BFBD11C00714A8D /* AppDelegate.swift */ = {isa = PBXFileReference; lastKnownFileType = sourcecode.swift; path = AppDelegate.swift; sourceTree = "<group>"; };
		4170E3CC1BFBD11C00714A8D /* Base */ = {isa = PBXFileReference; lastKnownFileType = file.storyboard; name = Base; path = Base.lproj/Main.storyboard; sourceTree = "<group>"; };
		4170E3CE1BFBD11C00714A8D /* Assets.xcassets */ = {isa = PBXFileReference; lastKnownFileType = folder.assetcatalog; path = Assets.xcassets; sourceTree = "<group>"; };
		4170E3D11BFBD11C00714A8D /* Base */ = {isa = PBXFileReference; lastKnownFileType = file.storyboard; name = Base; path = Base.lproj/LaunchScreen.storyboard; sourceTree = "<group>"; };
		4170E3D31BFBD11C00714A8D /* Info.plist */ = {isa = PBXFileReference; lastKnownFileType = text.plist.xml; path = Info.plist; sourceTree = "<group>"; };
		4170E3D81BFBD11C00714A8D /* HabitsTests.xctest */ = {isa = PBXFileReference; explicitFileType = wrapper.cfbundle; includeInIndex = 0; path = HabitsTests.xctest; sourceTree = BUILT_PRODUCTS_DIR; };
		4170E3DC1BFBD11D00714A8D /* HabitsTests.swift */ = {isa = PBXFileReference; lastKnownFileType = sourcecode.swift; path = HabitsTests.swift; sourceTree = "<group>"; };
		4170E3DE1BFBD11D00714A8D /* Info.plist */ = {isa = PBXFileReference; lastKnownFileType = text.plist.xml; path = Info.plist; sourceTree = "<group>"; };
		4170E3E81BFBD1EF00714A8D /* Habits.swift */ = {isa = PBXFileReference; fileEncoding = 4; lastKnownFileType = sourcecode.swift; path = Habits.swift; sourceTree = "<group>"; };
/* End PBXFileReference section */

/* Begin PBXFrameworksBuildPhase section */
		4170E3C11BFBD11C00714A8D /* Frameworks */ = {
			isa = PBXFrameworksBuildPhase;
			buildActionMask = 2147483647;
			files = (
			);
			runOnlyForDeploymentPostprocessing = 0;
		};
		4170E3D51BFBD11C00714A8D /* Frameworks */ = {
			isa = PBXFrameworksBuildPhase;
			buildActionMask = 2147483647;
			files = (
			);
			runOnlyForDeploymentPostprocessing = 0;
		};
/* End PBXFrameworksBuildPhase section */

/* Begin PBXGroup section */
		4170E3BB1BFBD11C00714A8D = {
			isa = PBXGroup;
			children = (
				4170E3C61BFBD11C00714A8D /* Habits */,
				4170E3DB1BFBD11C00714A8D /* HabitsTests */,
				4170E3C51BFBD11C00714A8D /* Products */,
			);
			sourceTree = "<group>";
		};
		4170E3C51BFBD11C00714A8D /* Products */ = {
			isa = PBXGroup;
			children = (
				4170E3C41BFBD11C00714A8D /* Habits.app */,
				4170E3D81BFBD11C00714A8D /* HabitsTests.xctest */,
			);
			name = Products;
			sourceTree = "<group>";
		};
		4170E3C61BFBD11C00714A8D /* Habits */ = {
			isa = PBXGroup;
			children = (
				4170E3E71BFBD1B500714A8D /* Habits */,
				4170E3C71BFBD11C00714A8D /* AppDelegate.swift */,
				4170E3CB1BFBD11C00714A8D /* Main.storyboard */,
				4170E3CE1BFBD11C00714A8D /* Assets.xcassets */,
				4170E3D01BFBD11C00714A8D /* LaunchScreen.storyboard */,
				4170E3D31BFBD11C00714A8D /* Info.plist */,
			);
			path = Habits;
			sourceTree = "<group>";
		};
		4170E3DB1BFBD11C00714A8D /* HabitsTests */ = {
			isa = PBXGroup;
			children = (
				4170E3DC1BFBD11D00714A8D /* HabitsTests.swift */,
				4170E3DE1BFBD11D00714A8D /* Info.plist */,
			);
			path = HabitsTests;
			sourceTree = "<group>";
		};
		4170E3E71BFBD1B500714A8D /* Habits */ = {
			isa = PBXGroup;
			children = (
				4170E3E81BFBD1EF00714A8D /* Habits.swift */,
				4115CDBE1BFFFC530092F9F6 /* Event.swift */,
			);
			name = Habits;
			sourceTree = "<group>";
		};
/* End PBXGroup section */

/* Begin PBXNativeTarget section */
		4170E3C31BFBD11C00714A8D /* Habits */ = {
			isa = PBXNativeTarget;
			buildConfigurationList = 4170E3E11BFBD11D00714A8D /* Build configuration list for PBXNativeTarget "Habits" */;
			buildPhases = (
				4170E3C01BFBD11C00714A8D /* Sources */,
				4170E3C11BFBD11C00714A8D /* Frameworks */,
				4170E3C21BFBD11C00714A8D /* Resources */,
			);
			buildRules = (
			);
			dependencies = (
			);
			name = Habits;
			productName = Habits;
			productReference = 4170E3C41BFBD11C00714A8D /* Habits.app */;
			productType = "com.apple.product-type.application";
		};
		4170E3D71BFBD11C00714A8D /* HabitsTests */ = {
			isa = PBXNativeTarget;
			buildConfigurationList = 4170E3E41BFBD11D00714A8D /* Build configuration list for PBXNativeTarget "HabitsTests" */;
			buildPhases = (
				4170E3D41BFBD11C00714A8D /* Sources */,
				4170E3D51BFBD11C00714A8D /* Frameworks */,
				4170E3D61BFBD11C00714A8D /* Resources */,
			);
			buildRules = (
			);
			dependencies = (
				4170E3DA1BFBD11C00714A8D /* PBXTargetDependency */,
			);
			name = HabitsTests;
			productName = HabitsTests;
			productReference = 4170E3D81BFBD11C00714A8D /* HabitsTests.xctest */;
			productType = "com.apple.product-type.bundle.unit-test";
		};
/* End PBXNativeTarget section */

/* Begin PBXProject section */
		4170E3BC1BFBD11C00714A8D /* Project object */ = {
			isa = PBXProject;
			attributes = {
				LastSwiftUpdateCheck = 0710;
				LastUpgradeCheck = 0710;
				ORGANIZATIONNAME = "Olof Lind";
				TargetAttributes = {
					4170E3C31BFBD11C00714A8D = {
						CreatedOnToolsVersion = 7.1;
					};
					4170E3D71BFBD11C00714A8D = {
						CreatedOnToolsVersion = 7.1;
						TestTargetID = 4170E3C31BFBD11C00714A8D;
					};
				};
			};
			buildConfigurationList = 4170E3BF1BFBD11C00714A8D /* Build configuration list for PBXProject "Habits" */;
			compatibilityVersion = "Xcode 3.2";
			developmentRegion = English;
			hasScannedForEncodings = 0;
			knownRegions = (
				en,
				Base,
			);
			mainGroup = 4170E3BB1BFBD11C00714A8D;
			productRefGroup = 4170E3C51BFBD11C00714A8D /* Products */;
			projectDirPath = "";
			projectRoot = "";
			targets = (
				4170E3C31BFBD11C00714A8D /* Habits */,
				4170E3D71BFBD11C00714A8D /* HabitsTests */,
			);
		};
/* End PBXProject section */

/* Begin PBXResourcesBuildPhase section */
		4170E3C21BFBD11C00714A8D /* Resources */ = {
			isa = PBXResourcesBuildPhase;
			buildActionMask = 2147483647;
			files = (
				4170E3D21BFBD11C00714A8D /* LaunchScreen.storyboard in Resources */,
				4170E3CF1BFBD11C00714A8D /* Assets.xcassets in Resources */,
				4170E3CD1BFBD11C00714A8D /* Main.storyboard in Resources */,
			);
			runOnlyForDeploymentPostprocessing = 0;
		};
		4170E3D61BFBD11C00714A8D /* Resources */ = {
			isa = PBXResourcesBuildPhase;
			buildActionMask = 2147483647;
			files = (
			);
			runOnlyForDeploymentPostprocessing = 0;
		};
/* End PBXResourcesBuildPhase section */

/* Begin PBXSourcesBuildPhase section */
		4170E3C01BFBD11C00714A8D /* Sources */ = {
			isa = PBXSourcesBuildPhase;
			buildActionMask = 2147483647;
			files = (
				4115CDBF1BFFFC530092F9F6 /* Event.swift in Sources */,
				4170E3C81BFBD11C00714A8D /* AppDelegate.swift in Sources */,
				4170E3E91BFBD1EF00714A8D /* Habits.swift in Sources */,
			);
			runOnlyForDeploymentPostprocessing = 0;
		};
		4170E3D41BFBD11C00714A8D /* Sources */ = {
			isa = PBXSourcesBuildPhase;
			buildActionMask = 2147483647;
			files = (
				4170E3EA1BFBD52300714A8D /* Habits.swift in Sources */,
				4115CDC01BFFFCB30092F9F6 /* Event.swift in Sources */,
				4170E3DD1BFBD11D00714A8D /* HabitsTests.swift in Sources */,
			);
			runOnlyForDeploymentPostprocessing = 0;
		};
/* End PBXSourcesBuildPhase section */

/* Begin PBXTargetDependency section */
		4170E3DA1BFBD11C00714A8D /* PBXTargetDependency */ = {
			isa = PBXTargetDependency;
			target = 4170E3C31BFBD11C00714A8D /* Habits */;
			targetProxy = 4170E3D91BFBD11C00714A8D /* PBXContainerItemProxy */;
		};
/* End PBXTargetDependency section */

/* Begin PBXVariantGroup section */
		4170E3CB1BFBD11C00714A8D /* Main.storyboard */ = {
			isa = PBXVariantGroup;
			children = (
				4170E3CC1BFBD11C00714A8D /* Base */,
			);
			name = Main.storyboard;
			sourceTree = "<group>";
		};
		4170E3D01BFBD11C00714A8D /* LaunchScreen.storyboard */ = {
			isa = PBXVariantGroup;
			children = (
				4170E3D11BFBD11C00714A8D /* Base */,
			);
			name = LaunchScreen.storyboard;
			sourceTree = "<group>";
		};
/* End PBXVariantGroup section */

/* Begin XCBuildConfiguration section */
		4170E3DF1BFBD11D00714A8D /* Debug */ = {
			isa = XCBuildConfiguration;
			buildSettings = {
				ALWAYS_SEARCH_USER_PATHS = NO;
				CLANG_CXX_LANGUAGE_STANDARD = "gnu++0x";
				CLANG_CXX_LIBRARY = "libc++";
				CLANG_ENABLE_MODULES = YES;
				CLANG_ENABLE_OBJC_ARC = YES;
				CLANG_WARN_BOOL_CONVERSION = YES;
				CLANG_WARN_CONSTANT_CONVERSION = YES;
				CLANG_WARN_DIRECT_OBJC_ISA_USAGE = YES_ERROR;
				CLANG_WARN_EMPTY_BODY = YES;
				CLANG_WARN_ENUM_CONVERSION = YES;
				CLANG_WARN_INT_CONVERSION = YES;
				CLANG_WARN_OBJC_ROOT_CLASS = YES_ERROR;
				CLANG_WARN_UNREACHABLE_CODE = YES;
				CLANG_WARN__DUPLICATE_METHOD_MATCH = YES;
				"CODE_SIGN_IDENTITY[sdk=iphoneos*]" = "iPhone Developer";
				COPY_PHASE_STRIP = NO;
				DEBUG_INFORMATION_FORMAT = dwarf;
				ENABLE_STRICT_OBJC_MSGSEND = YES;
				ENABLE_TESTABILITY = YES;
				GCC_C_LANGUAGE_STANDARD = gnu99;
				GCC_DYNAMIC_NO_PIC = NO;
				GCC_NO_COMMON_BLOCKS = YES;
				GCC_OPTIMIZATION_LEVEL = 0;
				GCC_PREPROCESSOR_DEFINITIONS = (
					"DEBUG=1",
					"$(inherited)",
				);
				GCC_WARN_64_TO_32_BIT_CONVERSION = YES;
				GCC_WARN_ABOUT_RETURN_TYPE = YES_ERROR;
				GCC_WARN_UNDECLARED_SELECTOR = YES;
				GCC_WARN_UNINITIALIZED_AUTOS = YES_AGGRESSIVE;
				GCC_WARN_UNUSED_FUNCTION = YES;
				GCC_WARN_UNUSED_VARIABLE = YES;
				IPHONEOS_DEPLOYMENT_TARGET = 9.1;
				MTL_ENABLE_DEBUG_INFO = YES;
				ONLY_ACTIVE_ARCH = YES;
				SDKROOT = iphoneos;
				SWIFT_OPTIMIZATION_LEVEL = "-Onone";
			};
			name = Debug;
		};
		4170E3E01BFBD11D00714A8D /* Release */ = {
			isa = XCBuildConfiguration;
			buildSettings = {
				ALWAYS_SEARCH_USER_PATHS = NO;
				CLANG_CXX_LANGUAGE_STANDARD = "gnu++0x";
				CLANG_CXX_LIBRARY = "libc++";
				CLANG_ENABLE_MODULES = YES;
				CLANG_ENABLE_OBJC_ARC = YES;
				CLANG_WARN_BOOL_CONVERSION = YES;
				CLANG_WARN_CONSTANT_CONVERSION = YES;
				CLANG_WARN_DIRECT_OBJC_ISA_USAGE = YES_ERROR;
				CLANG_WARN_EMPTY_BODY = YES;
				CLANG_WARN_ENUM_CONVERSION = YES;
				CLANG_WARN_INT_CONVERSION = YES;
				CLANG_WARN_OBJC_ROOT_CLASS = YES_ERROR;
				CLANG_WARN_UNREACHABLE_CODE = YES;
				CLANG_WARN__DUPLICATE_METHOD_MATCH = YES;
				"CODE_SIGN_IDENTITY[sdk=iphoneos*]" = "iPhone Developer";
				COPY_PHASE_STRIP = NO;
				DEBUG_INFORMATION_FORMAT = "dwarf-with-dsym";
				ENABLE_NS_ASSERTIONS = NO;
				ENABLE_STRICT_OBJC_MSGSEND = YES;
				GCC_C_LANGUAGE_STANDARD = gnu99;
				GCC_NO_COMMON_BLOCKS = YES;
				GCC_WARN_64_TO_32_BIT_CONVERSION = YES;
				GCC_WARN_ABOUT_RETURN_TYPE = YES_ERROR;
				GCC_WARN_UNDECLARED_SELECTOR = YES;
				GCC_WARN_UNINITIALIZED_AUTOS = YES_AGGRESSIVE;
				GCC_WARN_UNUSED_FUNCTION = YES;
				GCC_WARN_UNUSED_VARIABLE = YES;
				IPHONEOS_DEPLOYMENT_TARGET = 9.1;
				MTL_ENABLE_DEBUG_INFO = NO;
				SDKROOT = iphoneos;
				VALIDATE_PRODUCT = YES;
			};
			name = Release;
		};
		4170E3E21BFBD11D00714A8D /* Debug */ = {
			isa = XCBuildConfiguration;
			buildSettings = {
				ASSETCATALOG_COMPILER_APPICON_NAME = AppIcon;
				INFOPLIST_FILE = Habits/Info.plist;
				LD_RUNPATH_SEARCH_PATHS = "$(inherited) @executable_path/Frameworks";
				PRODUCT_BUNDLE_IDENTIFIER = se.ollelind.Habits;
				PRODUCT_NAME = "$(TARGET_NAME)";
			};
			name = Debug;
		};
		4170E3E31BFBD11D00714A8D /* Release */ = {
			isa = XCBuildConfiguration;
			buildSettings = {
				ASSETCATALOG_COMPILER_APPICON_NAME = AppIcon;
				INFOPLIST_FILE = Habits/Info.plist;
				LD_RUNPATH_SEARCH_PATHS = "$(inherited) @executable_path/Frameworks";
				PRODUCT_BUNDLE_IDENTIFIER = se.ollelind.Habits;
				PRODUCT_NAME = "$(TARGET_NAME)";
			};
			name = Release;
		};
		4170E3E51BFBD11D00714A8D /* Debug */ = {
			isa = XCBuildConfiguration;
			buildSettings = {
				BUNDLE_LOADER = "$(TEST_HOST)";
				INFOPLIST_FILE = HabitsTests/Info.plist;
				LD_RUNPATH_SEARCH_PATHS = "$(inherited) @executable_path/Frameworks @loader_path/Frameworks";
				PRODUCT_BUNDLE_IDENTIFIER = se.ollelind.HabitsTests;
				PRODUCT_NAME = "$(TARGET_NAME)";
				TEST_HOST = "$(BUILT_PRODUCTS_DIR)/Habits.app/Habits";
			};
			name = Debug;
		};
		4170E3E61BFBD11D00714A8D /* Release */ = {
			isa = XCBuildConfiguration;
			buildSettings = {
				BUNDLE_LOADER = "$(TEST_HOST)";
				INFOPLIST_FILE = HabitsTests/Info.plist;
				LD_RUNPATH_SEARCH_PATHS = "$(inherited) @executable_path/Frameworks @loader_path/Frameworks";
				PRODUCT_BUNDLE_IDENTIFIER = se.ollelind.HabitsTests;
				PRODUCT_NAME = "$(TARGET_NAME)";
				TEST_HOST = "$(BUILT_PRODUCTS_DIR)/Habits.app/Habits";
			};
			name = Release;
		};
/* End XCBuildConfiguration section */

/* Begin XCConfigurationList section */
		4170E3BF1BFBD11C00714A8D /* Build configuration list for PBXProject "Habits" */ = {
			isa = XCConfigurationList;
			buildConfigurations = (
				4170E3DF1BFBD11D00714A8D /* Debug */,
				4170E3E01BFBD11D00714A8D /* Release */,
			);
			defaultConfigurationIsVisible = 0;
			defaultConfigurationName = Release;
		};
		4170E3E11BFBD11D00714A8D /* Build configuration list for PBXNativeTarget "Habits" */ = {
			isa = XCConfigurationList;
			buildConfigurations = (
				4170E3E21BFBD11D00714A8D /* Debug */,
				4170E3E31BFBD11D00714A8D /* Release */,
			);
			defaultConfigurationIsVisible = 0;
			defaultConfigurationName = Release;
		};
		4170E3E41BFBD11D00714A8D /* Build configuration list for PBXNativeTarget "HabitsTests" */ = {
			isa = XCConfigurationList;
			buildConfigurations = (
				4170E3E51BFBD11D00714A8D /* Debug */,
				4170E3E61BFBD11D00714A8D /* Release */,
			);
			defaultConfigurationIsVisible = 0;
			defaultConfigurationName = Release;
		};
/* End XCConfigurationList section */
	};
	rootObject = 4170E3BC1BFBD11C00714A8D /* Project object */;
}
